// !$*UTF8*$!
{
	archiveVersion = 1;
	classes = {
	};
	objectVersion = 55;
	objects = {

/* Begin PBXBuildFile section */
		CFD9788D285EAB9400A8C003 /* AppDelegate.swift in Sources */ = {isa = PBXBuildFile; fileRef = CFD9788C285EAB9400A8C003 /* AppDelegate.swift */; };
		CFD9788F285EAB9400A8C003 /* SceneDelegate.swift in Sources */ = {isa = PBXBuildFile; fileRef = CFD9788E285EAB9400A8C003 /* SceneDelegate.swift */; };
		CFD97891285EAB9400A8C003 /* ViewController.swift in Sources */ = {isa = PBXBuildFile; fileRef = CFD97890285EAB9400A8C003 /* ViewController.swift */; };
		CFD97894285EAB9400A8C003 /* Main.storyboard in Resources */ = {isa = PBXBuildFile; fileRef = CFD97892285EAB9400A8C003 /* Main.storyboard */; };
		CFD97896285EAB9600A8C003 /* Assets.xcassets in Resources */ = {isa = PBXBuildFile; fileRef = CFD97895285EAB9600A8C003 /* Assets.xcassets */; };
		CFD97899285EAB9600A8C003 /* LaunchScreen.storyboard in Resources */ = {isa = PBXBuildFile; fileRef = CFD97897285EAB9600A8C003 /* LaunchScreen.storyboard */; };
		CFD978A5285EABE800A8C003 /* Service.swift in Sources */ = {isa = PBXBuildFile; fileRef = CFD978A4285EABE800A8C003 /* Service.swift */; };
		CFD978A7285EAE8200A8C003 /* ProfileViewController.swift in Sources */ = {isa = PBXBuildFile; fileRef = CFD978A6285EAE8200A8C003 /* ProfileViewController.swift */; };
		CFD978A9285EB23300A8C003 /* TransactionCard.swift in Sources */ = {isa = PBXBuildFile; fileRef = CFD978A8285EB23300A8C003 /* TransactionCard.swift */; };
		CFD978AB285EB43200A8C003 /* Billboard.swift in Sources */ = {isa = PBXBuildFile; fileRef = CFD978AA285EB43200A8C003 /* Billboard.swift */; };
		CFD978AD285EB82E00A8C003 /* CarteleraViewController.swift in Sources */ = {isa = PBXBuildFile; fileRef = CFD978AC285EB82E00A8C003 /* CarteleraViewController.swift */; };
		CFD978B1285EC05400A8C003 /* CustomCollectionViewCell.swift in Sources */ = {isa = PBXBuildFile; fileRef = CFD978B0285EC05400A8C003 /* CustomCollectionViewCell.swift */; };
/* End PBXBuildFile section */

/* Begin PBXFileReference section */
		CFD97889285EAB9400A8C003 /* IAInteractive.app */ = {isa = PBXFileReference; explicitFileType = wrapper.application; includeInIndex = 0; path = IAInteractive.app; sourceTree = BUILT_PRODUCTS_DIR; };
		CFD9788C285EAB9400A8C003 /* AppDelegate.swift */ = {isa = PBXFileReference; lastKnownFileType = sourcecode.swift; path = AppDelegate.swift; sourceTree = "<group>"; };
		CFD9788E285EAB9400A8C003 /* SceneDelegate.swift */ = {isa = PBXFileReference; lastKnownFileType = sourcecode.swift; path = SceneDelegate.swift; sourceTree = "<group>"; };
		CFD97890285EAB9400A8C003 /* ViewController.swift */ = {isa = PBXFileReference; lastKnownFileType = sourcecode.swift; path = ViewController.swift; sourceTree = "<group>"; };
		CFD97893285EAB9400A8C003 /* Base */ = {isa = PBXFileReference; lastKnownFileType = file.storyboard; name = Base; path = Base.lproj/Main.storyboard; sourceTree = "<group>"; };
		CFD97895285EAB9600A8C003 /* Assets.xcassets */ = {isa = PBXFileReference; lastKnownFileType = folder.assetcatalog; path = Assets.xcassets; sourceTree = "<group>"; };
		CFD97898285EAB9600A8C003 /* Base */ = {isa = PBXFileReference; lastKnownFileType = file.storyboard; name = Base; path = Base.lproj/LaunchScreen.storyboard; sourceTree = "<group>"; };
		CFD9789A285EAB9600A8C003 /* Info.plist */ = {isa = PBXFileReference; lastKnownFileType = text.plist.xml; path = Info.plist; sourceTree = "<group>"; };
		CFD978A4285EABE800A8C003 /* Service.swift */ = {isa = PBXFileReference; lastKnownFileType = sourcecode.swift; path = Service.swift; sourceTree = "<group>"; };
		CFD978A6285EAE8200A8C003 /* ProfileViewController.swift */ = {isa = PBXFileReference; lastKnownFileType = sourcecode.swift; path = ProfileViewController.swift; sourceTree = "<group>"; };
		CFD978A8285EB23300A8C003 /* TransactionCard.swift */ = {isa = PBXFileReference; lastKnownFileType = sourcecode.swift; path = TransactionCard.swift; sourceTree = "<group>"; };
		CFD978AA285EB43200A8C003 /* Billboard.swift */ = {isa = PBXFileReference; lastKnownFileType = sourcecode.swift; path = Billboard.swift; sourceTree = "<group>"; };
		CFD978AC285EB82E00A8C003 /* CarteleraViewController.swift */ = {isa = PBXFileReference; lastKnownFileType = sourcecode.swift; path = CarteleraViewController.swift; sourceTree = "<group>"; };
		CFD978B0285EC05400A8C003 /* CustomCollectionViewCell.swift */ = {isa = PBXFileReference; lastKnownFileType = sourcecode.swift; path = CustomCollectionViewCell.swift; sourceTree = "<group>"; };
/* End PBXFileReference section */

/* Begin PBXFrameworksBuildPhase section */
		CFD97886285EAB9400A8C003 /* Frameworks */ = {
			isa = PBXFrameworksBuildPhase;
			buildActionMask = 2147483647;
			files = (
			);
			runOnlyForDeploymentPostprocessing = 0;
		};
/* End PBXFrameworksBuildPhase section */

/* Begin PBXGroup section */
		CFD97880285EAB9400A8C003 = {
			isa = PBXGroup;
			children = (
				CFD9788B285EAB9400A8C003 /* IAInteractive */,
				CFD9788A285EAB9400A8C003 /* Products */,
			);
			sourceTree = "<group>";
		};
		CFD9788A285EAB9400A8C003 /* Products */ = {
			isa = PBXGroup;
			children = (
				CFD97889285EAB9400A8C003 /* IAInteractive.app */,
			);
			name = Products;
			sourceTree = "<group>";
		};
		CFD9788B285EAB9400A8C003 /* IAInteractive */ = {
			isa = PBXGroup;
			children = (
				CFD978A3285EABC300A8C003 /* Network */,
				CFD978A2285EABB100A8C003 /* Controller */,
				CFD978A1285EABAA00A8C003 /* View */,
				CFD978A0285EABA200A8C003 /* Model */,
				CFD9788C285EAB9400A8C003 /* AppDelegate.swift */,
				CFD9788E285EAB9400A8C003 /* SceneDelegate.swift */,
				CFD97895285EAB9600A8C003 /* Assets.xcassets */,
				CFD97897285EAB9600A8C003 /* LaunchScreen.storyboard */,
				CFD9789A285EAB9600A8C003 /* Info.plist */,
			);
			path = IAInteractive;
			sourceTree = "<group>";
		};
		CFD978A0285EABA200A8C003 /* Model */ = {
			isa = PBXGroup;
			children = (
				CFD978A8285EB23300A8C003 /* TransactionCard.swift */,
				CFD978AA285EB43200A8C003 /* Billboard.swift */,
			);
			path = Model;
			sourceTree = "<group>";
		};
		CFD978A1285EABAA00A8C003 /* View */ = {
			isa = PBXGroup;
			children = (
				CFD97892285EAB9400A8C003 /* Main.storyboard */,
			);
			path = View;
			sourceTree = "<group>";
		};
		CFD978A2285EABB100A8C003 /* Controller */ = {
			isa = PBXGroup;
			children = (
				CFD97890285EAB9400A8C003 /* ViewController.swift */,
				CFD978A6285EAE8200A8C003 /* ProfileViewController.swift */,
				CFD978AC285EB82E00A8C003 /* CarteleraViewController.swift */,
				CFD978B0285EC05400A8C003 /* CustomCollectionViewCell.swift */,
			);
			path = Controller;
			sourceTree = "<group>";
		};
		CFD978A3285EABC300A8C003 /* Network */ = {
			isa = PBXGroup;
			children = (
				CFD978A4285EABE800A8C003 /* Service.swift */,
			);
			path = Network;
			sourceTree = "<group>";
		};
/* End PBXGroup section */

/* Begin PBXNativeTarget section */
		CFD97888285EAB9400A8C003 /* IAInteractive */ = {
			isa = PBXNativeTarget;
			buildConfigurationList = CFD9789D285EAB9600A8C003 /* Build configuration list for PBXNativeTarget "IAInteractive" */;
			buildPhases = (
				CFD97885285EAB9400A8C003 /* Sources */,
				CFD97886285EAB9400A8C003 /* Frameworks */,
				CFD97887285EAB9400A8C003 /* Resources */,
			);
			buildRules = (
			);
			dependencies = (
			);
			name = IAInteractive;
			productName = IAInteractive;
			productReference = CFD97889285EAB9400A8C003 /* IAInteractive.app */;
			productType = "com.apple.product-type.application";
		};
/* End PBXNativeTarget section */

/* Begin PBXProject section */
		CFD97881285EAB9400A8C003 /* Project object */ = {
			isa = PBXProject;
			attributes = {
				BuildIndependentTargetsInParallel = 1;
				LastSwiftUpdateCheck = 1340;
				LastUpgradeCheck = 1340;
				TargetAttributes = {
					CFD97888285EAB9400A8C003 = {
						CreatedOnToolsVersion = 13.4.1;
					};
				};
			};
			buildConfigurationList = CFD97884285EAB9400A8C003 /* Build configuration list for PBXProject "IAInteractive" */;
			compatibilityVersion = "Xcode 13.0";
			developmentRegion = en;
			hasScannedForEncodings = 0;
			knownRegions = (
				en,
				Base,
			);
			mainGroup = CFD97880285EAB9400A8C003;
			productRefGroup = CFD9788A285EAB9400A8C003 /* Products */;
			projectDirPath = "";
			projectRoot = "";
			targets = (
				CFD97888285EAB9400A8C003 /* IAInteractive */,
			);
		};
/* End PBXProject section */

/* Begin PBXResourcesBuildPhase section */
		CFD97887285EAB9400A8C003 /* Resources */ = {
			isa = PBXResourcesBuildPhase;
			buildActionMask = 2147483647;
			files = (
				CFD97899285EAB9600A8C003 /* LaunchScreen.storyboard in Resources */,
				CFD97896285EAB9600A8C003 /* Assets.xcassets in Resources */,
				CFD97894285EAB9400A8C003 /* Main.storyboard in Resources */,
			);
			runOnlyForDeploymentPostprocessing = 0;
		};
/* End PBXResourcesBuildPhase section */

/* Begin PBXSourcesBuildPhase section */
		CFD97885285EAB9400A8C003 /* Sources */ = {
			isa = PBXSourcesBuildPhase;
			buildActionMask = 2147483647;
			files = (
				CFD97891285EAB9400A8C003 /* ViewController.swift in Sources */,
				CFD978B1285EC05400A8C003 /* CustomCollectionViewCell.swift in Sources */,
				CFD978A5285EABE800A8C003 /* Service.swift in Sources */,
				CFD978AD285EB82E00A8C003 /* CarteleraViewController.swift in Sources */,
				CFD978A9285EB23300A8C003 /* TransactionCard.swift in Sources */,
				CFD978A7285EAE8200A8C003 /* ProfileViewController.swift in Sources */,
				CFD978AB285EB43200A8C003 /* Billboard.swift in Sources */,
				CFD9788D285EAB9400A8C003 /* AppDelegate.swift in Sources */,
				CFD9788F285EAB9400A8C003 /* SceneDelegate.swift in Sources */,
			);
			runOnlyForDeploymentPostprocessing = 0;
		};
/* End PBXSourcesBuildPhase section */

/* Begin PBXVariantGroup section */
		CFD97892285EAB9400A8C003 /* Main.storyboard */ = {
			isa = PBXVariantGroup;
			children = (
				CFD97893285EAB9400A8C003 /* Base */,
			);
			name = Main.storyboard;
			sourceTree = "<group>";
		};
		CFD97897285EAB9600A8C003 /* LaunchScreen.storyboard */ = {
			isa = PBXVariantGroup;
			children = (
				CFD97898285EAB9600A8C003 /* Base */,
			);
			name = LaunchScreen.storyboard;
			sourceTree = "<group>";
		};
/* End PBXVariantGroup section */

/* Begin XCBuildConfiguration section */
		CFD9789B285EAB9600A8C003 /* Debug */ = {
			isa = XCBuildConfiguration;
			buildSettings = {
				ALWAYS_SEARCH_USER_PATHS = NO;
				CLANG_ANALYZER_NONNULL = YES;
				CLANG_ANALYZER_NUMBER_OBJECT_CONVERSION = YES_AGGRESSIVE;
				CLANG_CXX_LANGUAGE_STANDARD = "gnu++17";
				CLANG_ENABLE_MODULES = YES;
				CLANG_ENABLE_OBJC_ARC = YES;
				CLANG_ENABLE_OBJC_WEAK = YES;
				CLANG_WARN_BLOCK_CAPTURE_AUTORELEASING = YES;
				CLANG_WARN_BOOL_CONVERSION = YES;
				CLANG_WARN_COMMA = YES;
				CLANG_WARN_CONSTANT_CONVERSION = YES;
				CLANG_WARN_DEPRECATED_OBJC_IMPLEMENTATIONS = YES;
				CLANG_WARN_DIRECT_OBJC_ISA_USAGE = YES_ERROR;
				CLANG_WARN_DOCUMENTATION_COMMENTS = YES;
				CLANG_WARN_EMPTY_BODY = YES;
				CLANG_WARN_ENUM_CONVERSION = YES;
				CLANG_WARN_INFINITE_RECURSION = YES;
				CLANG_WARN_INT_CONVERSION = YES;
				CLANG_WARN_NON_LITERAL_NULL_CONVERSION = YES;
				CLANG_WARN_OBJC_IMPLICIT_RETAIN_SELF = YES;
				CLANG_WARN_OBJC_LITERAL_CONVERSION = YES;
				CLANG_WARN_OBJC_ROOT_CLASS = YES_ERROR;
				CLANG_WARN_QUOTED_INCLUDE_IN_FRAMEWORK_HEADER = YES;
				CLANG_WARN_RANGE_LOOP_ANALYSIS = YES;
				CLANG_WARN_STRICT_PROTOTYPES = YES;
				CLANG_WARN_SUSPICIOUS_MOVE = YES;
				CLANG_WARN_UNGUARDED_AVAILABILITY = YES_AGGRESSIVE;
				CLANG_WARN_UNREACHABLE_CODE = YES;
				CLANG_WARN__DUPLICATE_METHOD_MATCH = YES;
				COPY_PHASE_STRIP = NO;
				DEBUG_INFORMATION_FORMAT = dwarf;
				ENABLE_STRICT_OBJC_MSGSEND = YES;
				ENABLE_TESTABILITY = YES;
				GCC_C_LANGUAGE_STANDARD = gnu11;
				GCC_DYNAMIC_NO_PIC = NO;
				GCC_NO_COMMON_BLOCKS = YES;
				GCC_OPTIMIZATION_LEVEL = 0;
				GCC_PREPROCESSOR_DEFINITIONS = (
					"DEBUG=1",
					"$(inherited)",
				);
				GCC_WARN_64_TO_32_BIT_CONVERSION = YES;
				GCC_WARN_ABOUT_RETURN_TYPE = YES_ERROR;
				GCC_WARN_UNDECLARED_SELECTOR = YES;
				GCC_WARN_UNINITIALIZED_AUTOS = YES_AGGRESSIVE;
				GCC_WARN_UNUSED_FUNCTION = YES;
				GCC_WARN_UNUSED_VARIABLE = YES;
				IPHONEOS_DEPLOYMENT_TARGET = 15.5;
				MTL_ENABLE_DEBUG_INFO = INCLUDE_SOURCE;
				MTL_FAST_MATH = YES;
				ONLY_ACTIVE_ARCH = YES;
				SDKROOT = iphoneos;
				SWIFT_ACTIVE_COMPILATION_CONDITIONS = DEBUG;
				SWIFT_OPTIMIZATION_LEVEL = "-Onone";
			};
			name = Debug;
		};
		CFD9789C285EAB9600A8C003 /* Release */ = {
			isa = XCBuildConfiguration;
			buildSettings = {
				ALWAYS_SEARCH_USER_PATHS = NO;
				CLANG_ANALYZER_NONNULL = YES;
				CLANG_ANALYZER_NUMBER_OBJECT_CONVERSION = YES_AGGRESSIVE;
				CLANG_CXX_LANGUAGE_STANDARD = "gnu++17";
				CLANG_ENABLE_MODULES = YES;
				CLANG_ENABLE_OBJC_ARC = YES;
				CLANG_ENABLE_OBJC_WEAK = YES;
				CLANG_WARN_BLOCK_CAPTURE_AUTORELEASING = YES;
				CLANG_WARN_BOOL_CONVERSION = YES;
				CLANG_WARN_COMMA = YES;
				CLANG_WARN_CONSTANT_CONVERSION = YES;
				CLANG_WARN_DEPRECATED_OBJC_IMPLEMENTATIONS = YES;
				CLANG_WARN_DIRECT_OBJC_ISA_USAGE = YES_ERROR;
				CLANG_WARN_DOCUMENTATION_COMMENTS = YES;
				CLANG_WARN_EMPTY_BODY = YES;
				CLANG_WARN_ENUM_CONVERSION = YES;
				CLANG_WARN_INFINITE_RECURSION = YES;
				CLANG_WARN_INT_CONVERSION = YES;
				CLANG_WARN_NON_LITERAL_NULL_CONVERSION = YES;
				CLANG_WARN_OBJC_IMPLICIT_RETAIN_SELF = YES;
				CLANG_WARN_OBJC_LITERAL_CONVERSION = YES;
				CLANG_WARN_OBJC_ROOT_CLASS = YES_ERROR;
				CLANG_WARN_QUOTED_INCLUDE_IN_FRAMEWORK_HEADER = YES;
				CLANG_WARN_RANGE_LOOP_ANALYSIS = YES;
				CLANG_WARN_STRICT_PROTOTYPES = YES;
				CLANG_WARN_SUSPICIOUS_MOVE = YES;
				CLANG_WARN_UNGUARDED_AVAILABILITY = YES_AGGRESSIVE;
				CLANG_WARN_UNREACHABLE_CODE = YES;
				CLANG_WARN__DUPLICATE_METHOD_MATCH = YES;
				COPY_PHASE_STRIP = NO;
				DEBUG_INFORMATION_FORMAT = "dwarf-with-dsym";
				ENABLE_NS_ASSERTIONS = NO;
				ENABLE_STRICT_OBJC_MSGSEND = YES;
				GCC_C_LANGUAGE_STANDARD = gnu11;
				GCC_NO_COMMON_BLOCKS = YES;
				GCC_WARN_64_TO_32_BIT_CONVERSION = YES;
				GCC_WARN_ABOUT_RETURN_TYPE = YES_ERROR;
				GCC_WARN_UNDECLARED_SELECTOR = YES;
				GCC_WARN_UNINITIALIZED_AUTOS = YES_AGGRESSIVE;
				GCC_WARN_UNUSED_FUNCTION = YES;
				GCC_WARN_UNUSED_VARIABLE = YES;
				IPHONEOS_DEPLOYMENT_TARGET = 15.5;
				MTL_ENABLE_DEBUG_INFO = NO;
				MTL_FAST_MATH = YES;
				SDKROOT = iphoneos;
				SWIFT_COMPILATION_MODE = wholemodule;
				SWIFT_OPTIMIZATION_LEVEL = "-O";
				VALIDATE_PRODUCT = YES;
			};
			name = Release;
		};
		CFD9789E285EAB9600A8C003 /* Debug */ = {
			isa = XCBuildConfiguration;
			buildSettings = {
				ASSETCATALOG_COMPILER_APPICON_NAME = AppIcon;
				ASSETCATALOG_COMPILER_GLOBAL_ACCENT_COLOR_NAME = AccentColor;
				CODE_SIGN_STYLE = Automatic;
				CURRENT_PROJECT_VERSION = 1;
				DEVELOPMENT_TEAM = G82XMHQM7U;
				GENERATE_INFOPLIST_FILE = YES;
				INFOPLIST_FILE = IAInteractive/Info.plist;
				INFOPLIST_KEY_UIApplicationSupportsIndirectInputEvents = YES;
				INFOPLIST_KEY_UILaunchStoryboardName = LaunchScreen;
				INFOPLIST_KEY_UIMainStoryboardFile = Main;
				INFOPLIST_KEY_UISupportedInterfaceOrientations_iPad = "UIInterfaceOrientationPortrait UIInterfaceOrientationPortraitUpsideDown UIInterfaceOrientationLandscapeLeft UIInterfaceOrientationLandscapeRight";
				INFOPLIST_KEY_UISupportedInterfaceOrientations_iPhone = "UIInterfaceOrientationPortrait UIInterfaceOrientationLandscapeLeft UIInterfaceOrientationLandscapeRight";
				LD_RUNPATH_SEARCH_PATHS = (
					"$(inherited)",
					"@executable_path/Frameworks",
				);
				MARKETING_VERSION = 1.0;
				PRODUCT_BUNDLE_IDENTIFIER = com.katy.prueba.IAInteractive;
				PRODUCT_NAME = "$(TARGET_NAME)";
				SWIFT_EMIT_LOC_STRINGS = YES;
				SWIFT_VERSION = 5.0;
				TARGETED_DEVICE_FAMILY = "1,2";
			};
			name = Debug;
		};
		CFD9789F285EAB9600A8C003 /* Release */ = {
			isa = XCBuildConfiguration;
			buildSettings = {
				ASSETCATALOG_COMPILER_APPICON_NAME = AppIcon;
				ASSETCATALOG_COMPILER_GLOBAL_ACCENT_COLOR_NAME = AccentColor;
				CODE_SIGN_STYLE = Automatic;
				CURRENT_PROJECT_VERSION = 1;
				DEVELOPMENT_TEAM = G82XMHQM7U;
				GENERATE_INFOPLIST_FILE = YES;
				INFOPLIST_FILE = IAInteractive/Info.plist;
				INFOPLIST_KEY_UIApplicationSupportsIndirectInputEvents = YES;
				INFOPLIST_KEY_UILaunchStoryboardName = LaunchScreen;
				INFOPLIST_KEY_UIMainStoryboardFile = Main;
				INFOPLIST_KEY_UISupportedInterfaceOrientations_iPad = "UIInterfaceOrientationPortrait UIInterfaceOrientationPortraitUpsideDown UIInterfaceOrientationLandscapeLeft UIInterfaceOrientationLandscapeRight";
				INFOPLIST_KEY_UISupportedInterfaceOrientations_iPhone = "UIInterfaceOrientationPortrait UIInterfaceOrientationLandscapeLeft UIInterfaceOrientationLandscapeRight";
				LD_RUNPATH_SEARCH_PATHS = (
					"$(inherited)",
					"@executable_path/Frameworks",
				);
				MARKETING_VERSION = 1.0;
				PRODUCT_BUNDLE_IDENTIFIER = com.katy.prueba.IAInteractive;
				PRODUCT_NAME = "$(TARGET_NAME)";
				SWIFT_EMIT_LOC_STRINGS = YES;
				SWIFT_VERSION = 5.0;
				TARGETED_DEVICE_FAMILY = "1,2";
			};
			name = Release;
		};
/* End XCBuildConfiguration section */

/* Begin XCConfigurationList section */
		CFD97884285EAB9400A8C003 /* Build configuration list for PBXProject "IAInteractive" */ = {
			isa = XCConfigurationList;
			buildConfigurations = (
				CFD9789B285EAB9600A8C003 /* Debug */,
				CFD9789C285EAB9600A8C003 /* Release */,
			);
			defaultConfigurationIsVisible = 0;
			defaultConfigurationName = Release;
		};
		CFD9789D285EAB9600A8C003 /* Build configuration list for PBXNativeTarget "IAInteractive" */ = {
			isa = XCConfigurationList;
			buildConfigurations = (
				CFD9789E285EAB9600A8C003 /* Debug */,
				CFD9789F285EAB9600A8C003 /* Release */,
			);
			defaultConfigurationIsVisible = 0;
			defaultConfigurationName = Release;
		};
/* End XCConfigurationList section */
	};
	rootObject = CFD97881285EAB9400A8C003 /* Project object */;
}
